
Microsoft Visual Studio Solution File, Format Version 12.00
# Visual Studio Version 17
VisualStudioVersion = 17.3.32922.545
MinimumVisualStudioVersion = 10.0.40219.1
Project("{9A19103F-16F7-4668-BE54-9A1E7A4F7556}") = "CFDIWEB", "CFDIWEB.csproj", "{37DEFC88-5A82-48E4-B045-67C0583FDB14}"
EndProject
Global
	GlobalSection(SolutionConfigurationPlatforms) = preSolution
		Debug|Any CPU = Debug|Any CPU
		Release|Any CPU = Release|Any CPU
	EndGlobalSection
	GlobalSection(ProjectConfigurationPlatforms) = postSolution
		{37DEFC88-5A82-48E4-B045-67C0583FDB14}.Debug|Any CPU.ActiveCfg = Debug|Any CPU
		{37DEFC88-5A82-48E4-B045-67C0583FDB14}.Debug|Any CPU.Build.0 = Debug|Any CPU
		{37DEFC88-5A82-48E4-B045-67C0583FDB14}.Release|Any CPU.ActiveCfg = Release|Any CPU
		{37DEFC88-5A82-48E4-B045-67C0583FDB14}.Release|Any CPU.Build.0 = Release|Any CPU
	EndGlobalSection
	GlobalSection(SolutionProperties) = preSolution
		HideSolutionNode = FALSE
	EndGlobalSection
	GlobalSection(ExtensibilityGlobals) = postSolution
		SolutionGuid = {17C66CC2-487E-4997-8C7B-DA5020404F43}
	EndGlobalSection
EndGlobal
